
Microsoft Visual Studio Solution File, Format Version 12.00
Project("{FAE04EC0-301F-11D3-BF4B-00C04F79EFBC}") = "MyBuildingCoderSamples", "MyBuildingCoderSamples\MyBuildingCoderSamples.csproj", "{B23739AF-34F0-4B4E-9848-AC1F4DF1C1F2}"
EndProject
Global
	GlobalSection(SolutionConfigurationPlatforms) = preSolution
		Debug|Any CPU = Debug|Any CPU
		Release|Any CPU = Release|Any CPU
	EndGlobalSection
	GlobalSection(ProjectConfigurationPlatforms) = postSolution
		{B23739AF-34F0-4B4E-9848-AC1F4DF1C1F2}.Debug|Any CPU.ActiveCfg = Debug|Any CPU
		{B23739AF-34F0-4B4E-9848-AC1F4DF1C1F2}.Debug|Any CPU.Build.0 = Debug|Any CPU
		{B23739AF-34F0-4B4E-9848-AC1F4DF1C1F2}.Release|Any CPU.ActiveCfg = Release|Any CPU
		{B23739AF-34F0-4B4E-9848-AC1F4DF1C1F2}.Release|Any CPU.Build.0 = Release|Any CPU
	EndGlobalSection
EndGlobal
